
Microsoft Visual Studio Solution File, Format Version 12.00
# Visual Studio 15
VisualStudioVersion = 15.0.27703.2035
MinimumVisualStudioVersion = 10.0.40219.1
Project("{2150E333-8FDC-42A3-9474-1A3956D46DE8}") = "Infrastructure", "Infrastructure", "{628CFEC1-8E87-4C96-AD89-E690DA723406}"
EndProject
Project("{2150E333-8FDC-42A3-9474-1A3956D46DE8}") = "Persistence", "Persistence", "{7EDE3B25-BC1E-4FFF-961C-D0B0D16DED26}"
EndProject
Project("{2150E333-8FDC-42A3-9474-1A3956D46DE8}") = "Web", "Web", "{DB77E436-C087-4392-BD3E-B49C4AD42A78}"
EndProject
Project("{2150E333-8FDC-42A3-9474-1A3956D46DE8}") = "WindowsForms", "WindowsForms", "{CB035B30-5BC0-4246-95F7-A33E50E4646B}"
EndProject
Project("{FAE04EC0-301F-11D3-BF4B-00C04F79EFBC}") = "Carubbi.CaptchaBreaker", "Carubbi.CaptchaBreaker\Carubbi.CaptchaBreaker.csproj", "{B0EB46C3-E9A4-4053-9B70-A64D356395E3}"
EndProject
Project("{FAE04EC0-301F-11D3-BF4B-00C04F79EFBC}") = "Carubbi.CaptchaBreaker.Proxy", "Carubbi.CaptchaBreaker.Proxy\Carubbi.CaptchaBreaker.Proxy.csproj", "{840138E4-C2A0-4D6A-A450-762C4DCFDACF}"
EndProject
Project("{FAE04EC0-301F-11D3-BF4B-00C04F79EFBC}") = "Carubbi.ComponentClient", "Carubbi.ComponentClient\Carubbi.ComponentClient.csproj", "{D591BC2D-6E6C-4132-B07F-0D313F70D15E}"
EndProject
Project("{FAE04EC0-301F-11D3-BF4B-00C04F79EFBC}") = "Carubbi.ComponentServices", "Carubbi.ComponentServices\Carubbi.ComponentServices.csproj", "{27421196-A487-43CD-8508-E9947F1F720F}"
EndProject
Project("{FAE04EC0-301F-11D3-BF4B-00C04F79EFBC}") = "Carubbi.ContentManager", "Carubbi.ContentManager\Carubbi.ContentManager.csproj", "{F40032F1-2381-41C9-967C-EDFA6A028E13}"
EndProject
Project("{FAE04EC0-301F-11D3-BF4B-00C04F79EFBC}") = "Carubbi.Excel", "Carubbi.Excel\Carubbi.Excel.csproj", "{54291A39-5444-4990-B337-EAB203DD1D2B}"
EndProject
Project("{FAE04EC0-301F-11D3-BF4B-00C04F79EFBC}") = "Carubbi.Logger", "Carubbi.Logger\Carubbi.Logger.csproj", "{8664611B-28EA-411D-8238-F33D5D634D22}"
EndProject
Project("{FAE04EC0-301F-11D3-BF4B-00C04F79EFBC}") = "Carubbi.PDF", "Carubbi.PDF\Carubbi.PDF.csproj", "{F8D86947-5311-4578-AAE0-524240227608}"
EndProject
Project("{FAE04EC0-301F-11D3-BF4B-00C04F79EFBC}") = "Carubbi.ProxyAuthentication", "Carubbi.ProxyAuthentication\Carubbi.ProxyAuthentication.csproj", "{7AE4CBA5-5C44-42C2-BE4F-F79F88B31D39}"
EndProject
Project("{FAE04EC0-301F-11D3-BF4B-00C04F79EFBC}") = "Carubbi.ExtendedWebBrowser", "Carubbi.ExtendedWebBrowser\Carubbi.ExtendedWebBrowser.csproj", "{64C369C1-283C-489C-9724-66140652FAC4}"
EndProject
Project("{FAE04EC0-301F-11D3-BF4B-00C04F79EFBC}") = "Carubbi.MetroLayoutEngine", "Carubbi.MetroLayoutEngine\Carubbi.MetroLayoutEngine.csproj", "{29A7BE1C-5564-4880-8A9D-BD8DF7DFA9AC}"
EndProject
Project("{FAE04EC0-301F-11D3-BF4B-00C04F79EFBC}") = "Carubbi.BSITokenDALFactory", "Carubbi.BSITokenDALFactory\Carubbi.BSITokenDALFactory.csproj", "{3F13B69E-25AC-448D-97DF-5200FFA1FAE4}"
EndProject
Project("{FAE04EC0-301F-11D3-BF4B-00C04F79EFBC}") = "Carubbi.AuthenticationManager", "Carubbi.AuthenticationManager\Carubbi.AuthenticationManager.csproj", "{5971FF50-6C4B-4F27-9E09-EFE697FE1821}"
EndProject
Project("{2150E333-8FDC-42A3-9474-1A3956D46DE8}") = "Publish", "Publish", "{D3A73738-5EFB-42C5-94C0-420C52B49D81}"
EndProject
Project("{FAE04EC0-301F-11D3-BF4B-00C04F79EFBC}") = "Carubbi.PackagePublisher", "Carubbi.PackagePublisher\Carubbi.PackagePublisher.csproj", "{9264B514-B60D-4689-8138-4C566263E61B}"
EndProject
Project("{FAE04EC0-301F-11D3-BF4B-00C04F79EFBC}") = "Carubbi.Datatables", "Carubbi.Datatables\Carubbi.Datatables.csproj", "{CF390C5B-809E-4577-B08F-185E20653069}"
EndProject
Global
	GlobalSection(SolutionConfigurationPlatforms) = preSolution
		Debug|Any CPU = Debug|Any CPU
		Release|Any CPU = Release|Any CPU
	EndGlobalSection
	GlobalSection(ProjectConfigurationPlatforms) = postSolution
		{B0EB46C3-E9A4-4053-9B70-A64D356395E3}.Debug|Any CPU.ActiveCfg = Debug|Any CPU
		{B0EB46C3-E9A4-4053-9B70-A64D356395E3}.Debug|Any CPU.Build.0 = Debug|Any CPU
		{B0EB46C3-E9A4-4053-9B70-A64D356395E3}.Release|Any CPU.ActiveCfg = Release|Any CPU
		{B0EB46C3-E9A4-4053-9B70-A64D356395E3}.Release|Any CPU.Build.0 = Release|Any CPU
		{840138E4-C2A0-4D6A-A450-762C4DCFDACF}.Debug|Any CPU.ActiveCfg = Debug|Any CPU
		{840138E4-C2A0-4D6A-A450-762C4DCFDACF}.Debug|Any CPU.Build.0 = Debug|Any CPU
		{840138E4-C2A0-4D6A-A450-762C4DCFDACF}.Release|Any CPU.ActiveCfg = Release|Any CPU
		{840138E4-C2A0-4D6A-A450-762C4DCFDACF}.Release|Any CPU.Build.0 = Release|Any CPU
		{D591BC2D-6E6C-4132-B07F-0D313F70D15E}.Debug|Any CPU.ActiveCfg = Debug|Any CPU
		{D591BC2D-6E6C-4132-B07F-0D313F70D15E}.Debug|Any CPU.Build.0 = Debug|Any CPU
		{D591BC2D-6E6C-4132-B07F-0D313F70D15E}.Release|Any CPU.ActiveCfg = Release|Any CPU
		{D591BC2D-6E6C-4132-B07F-0D313F70D15E}.Release|Any CPU.Build.0 = Release|Any CPU
		{27421196-A487-43CD-8508-E9947F1F720F}.Debug|Any CPU.ActiveCfg = Debug|Any CPU
		{27421196-A487-43CD-8508-E9947F1F720F}.Debug|Any CPU.Build.0 = Debug|Any CPU
		{27421196-A487-43CD-8508-E9947F1F720F}.Release|Any CPU.ActiveCfg = Release|Any CPU
		{27421196-A487-43CD-8508-E9947F1F720F}.Release|Any CPU.Build.0 = Release|Any CPU
		{F40032F1-2381-41C9-967C-EDFA6A028E13}.Debug|Any CPU.ActiveCfg = Debug|Any CPU
		{F40032F1-2381-41C9-967C-EDFA6A028E13}.Debug|Any CPU.Build.0 = Debug|Any CPU
		{F40032F1-2381-41C9-967C-EDFA6A028E13}.Release|Any CPU.ActiveCfg = Release|Any CPU
		{F40032F1-2381-41C9-967C-EDFA6A028E13}.Release|Any CPU.Build.0 = Release|Any CPU
		{54291A39-5444-4990-B337-EAB203DD1D2B}.Debug|Any CPU.ActiveCfg = Debug|Any CPU
		{54291A39-5444-4990-B337-EAB203DD1D2B}.Debug|Any CPU.Build.0 = Debug|Any CPU
		{54291A39-5444-4990-B337-EAB203DD1D2B}.Release|Any CPU.ActiveCfg = Release|Any CPU
		{54291A39-5444-4990-B337-EAB203DD1D2B}.Release|Any CPU.Build.0 = Release|Any CPU
		{8664611B-28EA-411D-8238-F33D5D634D22}.Debug|Any CPU.ActiveCfg = Debug|Any CPU
		{8664611B-28EA-411D-8238-F33D5D634D22}.Debug|Any CPU.Build.0 = Debug|Any CPU
		{8664611B-28EA-411D-8238-F33D5D634D22}.Release|Any CPU.ActiveCfg = Release|Any CPU
		{8664611B-28EA-411D-8238-F33D5D634D22}.Release|Any CPU.Build.0 = Release|Any CPU
		{F8D86947-5311-4578-AAE0-524240227608}.Debug|Any CPU.ActiveCfg = Debug|Any CPU
		{F8D86947-5311-4578-AAE0-524240227608}.Debug|Any CPU.Build.0 = Debug|Any CPU
		{F8D86947-5311-4578-AAE0-524240227608}.Release|Any CPU.ActiveCfg = Release|Any CPU
		{F8D86947-5311-4578-AAE0-524240227608}.Release|Any CPU.Build.0 = Release|Any CPU
		{7AE4CBA5-5C44-42C2-BE4F-F79F88B31D39}.Debug|Any CPU.ActiveCfg = Debug|Any CPU
		{7AE4CBA5-5C44-42C2-BE4F-F79F88B31D39}.Debug|Any CPU.Build.0 = Debug|Any CPU
		{7AE4CBA5-5C44-42C2-BE4F-F79F88B31D39}.Release|Any CPU.ActiveCfg = Release|Any CPU
		{7AE4CBA5-5C44-42C2-BE4F-F79F88B31D39}.Release|Any CPU.Build.0 = Release|Any CPU
		{64C369C1-283C-489C-9724-66140652FAC4}.Debug|Any CPU.ActiveCfg = Debug|Any CPU
		{64C369C1-283C-489C-9724-66140652FAC4}.Debug|Any CPU.Build.0 = Debug|Any CPU
		{64C369C1-283C-489C-9724-66140652FAC4}.Release|Any CPU.ActiveCfg = Release|Any CPU
		{64C369C1-283C-489C-9724-66140652FAC4}.Release|Any CPU.Build.0 = Release|Any CPU
		{29A7BE1C-5564-4880-8A9D-BD8DF7DFA9AC}.Debug|Any CPU.ActiveCfg = Debug|Any CPU
		{29A7BE1C-5564-4880-8A9D-BD8DF7DFA9AC}.Debug|Any CPU.Build.0 = Debug|Any CPU
		{29A7BE1C-5564-4880-8A9D-BD8DF7DFA9AC}.Release|Any CPU.ActiveCfg = Release|Any CPU
		{29A7BE1C-5564-4880-8A9D-BD8DF7DFA9AC}.Release|Any CPU.Build.0 = Release|Any CPU
		{3F13B69E-25AC-448D-97DF-5200FFA1FAE4}.Debug|Any CPU.ActiveCfg = Debug|Any CPU
		{3F13B69E-25AC-448D-97DF-5200FFA1FAE4}.Debug|Any CPU.Build.0 = Debug|Any CPU
		{3F13B69E-25AC-448D-97DF-5200FFA1FAE4}.Release|Any CPU.ActiveCfg = Release|Any CPU
		{3F13B69E-25AC-448D-97DF-5200FFA1FAE4}.Release|Any CPU.Build.0 = Release|Any CPU
		{5971FF50-6C4B-4F27-9E09-EFE697FE1821}.Debug|Any CPU.ActiveCfg = Debug|Any CPU
		{5971FF50-6C4B-4F27-9E09-EFE697FE1821}.Debug|Any CPU.Build.0 = Debug|Any CPU
		{5971FF50-6C4B-4F27-9E09-EFE697FE1821}.Release|Any CPU.ActiveCfg = Release|Any CPU
		{5971FF50-6C4B-4F27-9E09-EFE697FE1821}.Release|Any CPU.Build.0 = Release|Any CPU
		{9264B514-B60D-4689-8138-4C566263E61B}.Debug|Any CPU.ActiveCfg = Debug|Any CPU
		{9264B514-B60D-4689-8138-4C566263E61B}.Debug|Any CPU.Build.0 = Debug|Any CPU
		{9264B514-B60D-4689-8138-4C566263E61B}.Release|Any CPU.ActiveCfg = Release|Any CPU
		{9264B514-B60D-4689-8138-4C566263E61B}.Release|Any CPU.Build.0 = Release|Any CPU
		{CF390C5B-809E-4577-B08F-185E20653069}.Debug|Any CPU.ActiveCfg = Debug|Any CPU
		{CF390C5B-809E-4577-B08F-185E20653069}.Debug|Any CPU.Build.0 = Debug|Any CPU
		{CF390C5B-809E-4577-B08F-185E20653069}.Release|Any CPU.ActiveCfg = Release|Any CPU
		{CF390C5B-809E-4577-B08F-185E20653069}.Release|Any CPU.Build.0 = Release|Any CPU
	EndGlobalSection
	GlobalSection(SolutionProperties) = preSolution
		HideSolutionNode = FALSE
	EndGlobalSection
	GlobalSection(NestedProjects) = preSolution
		{B0EB46C3-E9A4-4053-9B70-A64D356395E3} = {628CFEC1-8E87-4C96-AD89-E690DA723406}
		{840138E4-C2A0-4D6A-A450-762C4DCFDACF} = {628CFEC1-8E87-4C96-AD89-E690DA723406}
		{D591BC2D-6E6C-4132-B07F-0D313F70D15E} = {628CFEC1-8E87-4C96-AD89-E690DA723406}
		{27421196-A487-43CD-8508-E9947F1F720F} = {628CFEC1-8E87-4C96-AD89-E690DA723406}
		{F40032F1-2381-41C9-967C-EDFA6A028E13} = {628CFEC1-8E87-4C96-AD89-E690DA723406}
		{54291A39-5444-4990-B337-EAB203DD1D2B} = {628CFEC1-8E87-4C96-AD89-E690DA723406}
		{8664611B-28EA-411D-8238-F33D5D634D22} = {628CFEC1-8E87-4C96-AD89-E690DA723406}
		{F8D86947-5311-4578-AAE0-524240227608} = {628CFEC1-8E87-4C96-AD89-E690DA723406}
		{7AE4CBA5-5C44-42C2-BE4F-F79F88B31D39} = {DB77E436-C087-4392-BD3E-B49C4AD42A78}
		{64C369C1-283C-489C-9724-66140652FAC4} = {DB77E436-C087-4392-BD3E-B49C4AD42A78}
		{29A7BE1C-5564-4880-8A9D-BD8DF7DFA9AC} = {CB035B30-5BC0-4246-95F7-A33E50E4646B}
		{3F13B69E-25AC-448D-97DF-5200FFA1FAE4} = {7EDE3B25-BC1E-4FFF-961C-D0B0D16DED26}
		{5971FF50-6C4B-4F27-9E09-EFE697FE1821} = {DB77E436-C087-4392-BD3E-B49C4AD42A78}
		{9264B514-B60D-4689-8138-4C566263E61B} = {D3A73738-5EFB-42C5-94C0-420C52B49D81}
		{CF390C5B-809E-4577-B08F-185E20653069} = {DB77E436-C087-4392-BD3E-B49C4AD42A78}
	EndGlobalSection
	GlobalSection(ExtensibilityGlobals) = postSolution
		SolutionGuid = {47307167-D195-4C24-82F5-E1D3D81DDE35}
	EndGlobalSection
EndGlobal
