
Microsoft Visual Studio Solution File, Format Version 12.00
# Visual Studio 14
VisualStudioVersion = 14.0.25123.0
MinimumVisualStudioVersion = 10.0.40219.1
Project("{2150E333-8FDC-42A3-9474-1A3956D46DE8}") = "Infrastructure", "Infrastructure", "{628CFEC1-8E87-4C96-AD89-E690DA723406}"
EndProject
Project("{2150E333-8FDC-42A3-9474-1A3956D46DE8}") = "Mainframe", "Mainframe", "{FF05046B-046F-49E9-9948-164AE5F8CEC5}"
EndProject
Project("{2150E333-8FDC-42A3-9474-1A3956D46DE8}") = "Persistence", "Persistence", "{7EDE3B25-BC1E-4FFF-961C-D0B0D16DED26}"
EndProject
Project("{2150E333-8FDC-42A3-9474-1A3956D46DE8}") = "Web", "Web", "{DB77E436-C087-4392-BD3E-B49C4AD42A78}"
EndProject
Project("{2150E333-8FDC-42A3-9474-1A3956D46DE8}") = "WindowsForms", "WindowsForms", "{CB035B30-5BC0-4246-95F7-A33E50E4646B}"
EndProject
Project("{FAE04EC0-301F-11D3-BF4B-00C04F79EFBC}") = "Carubbi.CaptchaBreaker", "Carubbi.CaptchaBreaker\Carubbi.CaptchaBreaker.csproj", "{B0EB46C3-E9A4-4053-9B70-A64D356395E3}"
EndProject
Project("{FAE04EC0-301F-11D3-BF4B-00C04F79EFBC}") = "Carubbi.CaptchaBreaker.Proxy", "Carubbi.CaptchaBreaker.Proxy\Carubbi.CaptchaBreaker.Proxy.csproj", "{840138E4-C2A0-4D6A-A450-762C4DCFDACF}"
EndProject
Project("{FAE04EC0-301F-11D3-BF4B-00C04F79EFBC}") = "Carubbi.ComponentClient", "Carubbi.ComponentClient\Carubbi.ComponentClient.csproj", "{D591BC2D-6E6C-4132-B07F-0D313F70D15E}"
EndProject
Project("{FAE04EC0-301F-11D3-BF4B-00C04F79EFBC}") = "Carubbi.ComponentServices", "Carubbi.ComponentServices\Carubbi.ComponentServices.csproj", "{27421196-A487-43CD-8508-E9947F1F720F}"
EndProject
Project("{FAE04EC0-301F-11D3-BF4B-00C04F79EFBC}") = "Carubbi.ContentManager", "Carubbi.ContentManager\Carubbi.ContentManager.csproj", "{F40032F1-2381-41C9-967C-EDFA6A028E13}"
EndProject
Project("{FAE04EC0-301F-11D3-BF4B-00C04F79EFBC}") = "Carubbi.DiffAnalyzer", "Carubbi.DiffAnalyzer\Carubbi.DiffAnalyzer.csproj", "{E480850C-BF29-4F42-B8F8-337AE345A84E}"
EndProject
Project("{FAE04EC0-301F-11D3-BF4B-00C04F79EFBC}") = "Carubbi.ElasticSearch", "Carubbi.ElasticSearch\Carubbi.ElasticSearch.csproj", "{B99ED49C-09C3-4366-91C6-C9B190E091CB}"
EndProject
Project("{FAE04EC0-301F-11D3-BF4B-00C04F79EFBC}") = "Carubbi.Excel", "Carubbi.Excel\Carubbi.Excel.csproj", "{54291A39-5444-4990-B337-EAB203DD1D2B}"
EndProject
Project("{FAE04EC0-301F-11D3-BF4B-00C04F79EFBC}") = "Carubbi.LayoutTemplateEngine", "Carubbi.LayoutTemplateEngine\Carubbi.LayoutTemplateEngine.csproj", "{32E50496-1AD1-4266-BD1A-B0722D6653FC}"
EndProject
Project("{FAE04EC0-301F-11D3-BF4B-00C04F79EFBC}") = "Carubbi.Logger", "Carubbi.Logger\Carubbi.Logger.csproj", "{8664611B-28EA-411D-8238-F33D5D634D22}"
EndProject
Project("{FAE04EC0-301F-11D3-BF4B-00C04F79EFBC}") = "Carubbi.Mailer", "Carubbi.Mailer\Carubbi.Mailer.csproj", "{DBBDE3F8-FDAC-453B-B7F3-BC36C0B08D95}"
EndProject
Project("{FAE04EC0-301F-11D3-BF4B-00C04F79EFBC}") = "Carubbi.Mailer.Exchange", "Carubbi.Mailer.Exchange\Carubbi.Mailer.Exchange.csproj", "{E6808BDA-9C03-46C1-B613-25E75C2DB50C}"
EndProject
Project("{FAE04EC0-301F-11D3-BF4B-00C04F79EFBC}") = "Carubbi.Mailer.Interfaces", "Carubbi.Mailer.Interfaces\Carubbi.Mailer.Interfaces.csproj", "{37C2C203-709C-4485-96F9-4A82C26D6631}"
EndProject
Project("{FAE04EC0-301F-11D3-BF4B-00C04F79EFBC}") = "Carubbi.Mailer.Outlook2007", "Carubbi.Mailer.Outlook2007\Carubbi.Mailer.Outlook2007.csproj", "{B5CE0C8C-FA10-4BD5-9955-17AE6D4342AE}"
EndProject
Project("{FAE04EC0-301F-11D3-BF4B-00C04F79EFBC}") = "Carubbi.Mailer.Outlook2010", "Carubbi.Mailer.Outlook2010\Carubbi.Mailer.Outlook2010.csproj", "{0A8281CA-A7B1-4597-A4CA-E13D06DBD410}"
EndProject
Project("{FAE04EC0-301F-11D3-BF4B-00C04F79EFBC}") = "Carubbi.PDF", "Carubbi.PDF\Carubbi.PDF.csproj", "{F8D86947-5311-4578-AAE0-524240227608}"
EndProject
Project("{FAE04EC0-301F-11D3-BF4B-00C04F79EFBC}") = "Carubbi.Utils", "Carubbi.Utils\Carubbi.Utils.csproj", "{B24443C4-5F13-4747-863A-146DC7040561}"
EndProject
Project("{FAE04EC0-301F-11D3-BF4B-00C04F79EFBC}") = "Carubbi.Web.Utils", "Carubbi.Web.Utils\Carubbi.Web.Utils.csproj", "{6BB9E251-8968-4472-B0F6-7C50C15E5C0D}"
EndProject
Project("{FAE04EC0-301F-11D3-BF4B-00C04F79EFBC}") = "Carubbi.JavascriptWatcher", "Carubbi.JavascriptWatcher\Carubbi.JavascriptWatcher.csproj", "{BEB86DFD-A00C-4F64-A6E0-37558E80F3E3}"
EndProject
Project("{FAE04EC0-301F-11D3-BF4B-00C04F79EFBC}") = "Carubbi.Mainframe", "Carubbi.Mainframe\Carubbi.Mainframe.csproj", "{EFCD1E46-37AB-4B29-B82F-5F09B6EEB450}"
EndProject
Project("{FAE04EC0-301F-11D3-BF4B-00C04F79EFBC}") = "Carubbi.ObjectXMFDisplay", "Carubbi.ObjectXMFDisplay\Carubbi.ObjectXMFDisplay.csproj", "{2ADBCB9B-4F7F-42A1-B6A9-F6D990BEB051}"
EndProject
Project("{FAE04EC0-301F-11D3-BF4B-00C04F79EFBC}") = "Carubbi.ProxyAuthentication", "Carubbi.ProxyAuthentication\Carubbi.ProxyAuthentication.csproj", "{7AE4CBA5-5C44-42C2-BE4F-F79F88B31D39}"
EndProject
Project("{FAE04EC0-301F-11D3-BF4B-00C04F79EFBC}") = "Carubbi.ExtendedWebBrowser", "Carubbi.ExtendedWebBrowser\Carubbi.ExtendedWebBrowser.csproj", "{64C369C1-283C-489C-9724-66140652FAC4}"
EndProject
Project("{FAE04EC0-301F-11D3-BF4B-00C04F79EFBC}") = "Carubbi.MetroLayoutEngine", "Carubbi.MetroLayoutEngine\Carubbi.MetroLayoutEngine.csproj", "{29A7BE1C-5564-4880-8A9D-BD8DF7DFA9AC}"
EndProject
Project("{FAE04EC0-301F-11D3-BF4B-00C04F79EFBC}") = "Carubbi.BSITokenDALFactory", "Carubbi.BSITokenDALFactory\Carubbi.BSITokenDALFactory.csproj", "{3F13B69E-25AC-448D-97DF-5200FFA1FAE4}"
EndProject
Project("{FAE04EC0-301F-11D3-BF4B-00C04F79EFBC}") = "Carubbi.DAL", "Carubbi.DAL\Carubbi.DAL.csproj", "{1514E554-C13A-43CA-AE78-8C9C68AB6174}"
EndProject
Project("{FAE04EC0-301F-11D3-BF4B-00C04F79EFBC}") = "Carubbi.DAL.Interfaces", "Carubbi.DAL.Interfaces\Carubbi.DAL.Interfaces.csproj", "{D7F53BE8-CB17-4AE8-B60B-363D365D02D1}"
EndProject
Project("{FAE04EC0-301F-11D3-BF4B-00C04F79EFBC}") = "Carubbi.AuthenticationManager", "Carubbi.AuthenticationManager\Carubbi.AuthenticationManager.csproj", "{5971FF50-6C4B-4F27-9E09-EFE697FE1821}"
EndProject
Project("{FAE04EC0-301F-11D3-BF4B-00C04F79EFBC}") = "Carubbi.CurrencyWriter", "Carubbi.CurrencyWriter\Carubbi.CurrencyWriter.csproj", "{EF99A996-AFD7-43DE-AB1E-82B7378BE634}"
EndProject
Project("{FAE04EC0-301F-11D3-BF4B-00C04F79EFBC}") = "Carubbi.GenericRepository", "Carubbi.GenericRepository\Carubbi.GenericRepository.csproj", "{232785DE-BB1D-41B5-8690-E650B4120452}"
EndProject
Project("{FAE04EC0-301F-11D3-BF4B-00C04F79EFBC}") = "Carubbi.LayoutTemplateEngine.Interfaces", "Carubbi.LayoutTemplateEngine.Interfaces\Carubbi.LayoutTemplateEngine.Interfaces.csproj", "{C6A0D579-5525-4986-A875-EEFB1AF62E99}"
EndProject
Project("{FAE04EC0-301F-11D3-BF4B-00C04F79EFBC}") = "Carubbi.LayoutTemplateEngine.Razor3", "Carubbi.LayoutTemplateEngine.Razor3\Carubbi.LayoutTemplateEngine.Razor3.csproj", "{C599F785-705E-41C4-BD5B-7B87D247A251}"
EndProject
Global
	GlobalSection(SolutionConfigurationPlatforms) = preSolution
		Debug|Any CPU = Debug|Any CPU
		Release|Any CPU = Release|Any CPU
	EndGlobalSection
	GlobalSection(ProjectConfigurationPlatforms) = postSolution
		{B0EB46C3-E9A4-4053-9B70-A64D356395E3}.Debug|Any CPU.ActiveCfg = Debug|Any CPU
		{B0EB46C3-E9A4-4053-9B70-A64D356395E3}.Debug|Any CPU.Build.0 = Debug|Any CPU
		{B0EB46C3-E9A4-4053-9B70-A64D356395E3}.Release|Any CPU.ActiveCfg = Release|Any CPU
		{B0EB46C3-E9A4-4053-9B70-A64D356395E3}.Release|Any CPU.Build.0 = Release|Any CPU
		{840138E4-C2A0-4D6A-A450-762C4DCFDACF}.Debug|Any CPU.ActiveCfg = Debug|Any CPU
		{840138E4-C2A0-4D6A-A450-762C4DCFDACF}.Debug|Any CPU.Build.0 = Debug|Any CPU
		{840138E4-C2A0-4D6A-A450-762C4DCFDACF}.Release|Any CPU.ActiveCfg = Release|Any CPU
		{840138E4-C2A0-4D6A-A450-762C4DCFDACF}.Release|Any CPU.Build.0 = Release|Any CPU
		{D591BC2D-6E6C-4132-B07F-0D313F70D15E}.Debug|Any CPU.ActiveCfg = Debug|Any CPU
		{D591BC2D-6E6C-4132-B07F-0D313F70D15E}.Debug|Any CPU.Build.0 = Debug|Any CPU
		{D591BC2D-6E6C-4132-B07F-0D313F70D15E}.Release|Any CPU.ActiveCfg = Release|Any CPU
		{D591BC2D-6E6C-4132-B07F-0D313F70D15E}.Release|Any CPU.Build.0 = Release|Any CPU
		{27421196-A487-43CD-8508-E9947F1F720F}.Debug|Any CPU.ActiveCfg = Debug|Any CPU
		{27421196-A487-43CD-8508-E9947F1F720F}.Debug|Any CPU.Build.0 = Debug|Any CPU
		{27421196-A487-43CD-8508-E9947F1F720F}.Release|Any CPU.ActiveCfg = Release|Any CPU
		{27421196-A487-43CD-8508-E9947F1F720F}.Release|Any CPU.Build.0 = Release|Any CPU
		{F40032F1-2381-41C9-967C-EDFA6A028E13}.Debug|Any CPU.ActiveCfg = Debug|Any CPU
		{F40032F1-2381-41C9-967C-EDFA6A028E13}.Debug|Any CPU.Build.0 = Debug|Any CPU
		{F40032F1-2381-41C9-967C-EDFA6A028E13}.Release|Any CPU.ActiveCfg = Release|Any CPU
		{F40032F1-2381-41C9-967C-EDFA6A028E13}.Release|Any CPU.Build.0 = Release|Any CPU
		{E480850C-BF29-4F42-B8F8-337AE345A84E}.Debug|Any CPU.ActiveCfg = Debug|Any CPU
		{E480850C-BF29-4F42-B8F8-337AE345A84E}.Debug|Any CPU.Build.0 = Debug|Any CPU
		{E480850C-BF29-4F42-B8F8-337AE345A84E}.Release|Any CPU.ActiveCfg = Release|Any CPU
		{E480850C-BF29-4F42-B8F8-337AE345A84E}.Release|Any CPU.Build.0 = Release|Any CPU
		{B99ED49C-09C3-4366-91C6-C9B190E091CB}.Debug|Any CPU.ActiveCfg = Debug|Any CPU
		{B99ED49C-09C3-4366-91C6-C9B190E091CB}.Debug|Any CPU.Build.0 = Debug|Any CPU
		{B99ED49C-09C3-4366-91C6-C9B190E091CB}.Release|Any CPU.ActiveCfg = Release|Any CPU
		{B99ED49C-09C3-4366-91C6-C9B190E091CB}.Release|Any CPU.Build.0 = Release|Any CPU
		{54291A39-5444-4990-B337-EAB203DD1D2B}.Debug|Any CPU.ActiveCfg = Debug|Any CPU
		{54291A39-5444-4990-B337-EAB203DD1D2B}.Debug|Any CPU.Build.0 = Debug|Any CPU
		{54291A39-5444-4990-B337-EAB203DD1D2B}.Release|Any CPU.ActiveCfg = Release|Any CPU
		{54291A39-5444-4990-B337-EAB203DD1D2B}.Release|Any CPU.Build.0 = Release|Any CPU
		{32E50496-1AD1-4266-BD1A-B0722D6653FC}.Debug|Any CPU.ActiveCfg = Debug|Any CPU
		{32E50496-1AD1-4266-BD1A-B0722D6653FC}.Debug|Any CPU.Build.0 = Debug|Any CPU
		{32E50496-1AD1-4266-BD1A-B0722D6653FC}.Release|Any CPU.ActiveCfg = Release|Any CPU
		{32E50496-1AD1-4266-BD1A-B0722D6653FC}.Release|Any CPU.Build.0 = Release|Any CPU
		{8664611B-28EA-411D-8238-F33D5D634D22}.Debug|Any CPU.ActiveCfg = Debug|Any CPU
		{8664611B-28EA-411D-8238-F33D5D634D22}.Debug|Any CPU.Build.0 = Debug|Any CPU
		{8664611B-28EA-411D-8238-F33D5D634D22}.Release|Any CPU.ActiveCfg = Release|Any CPU
		{8664611B-28EA-411D-8238-F33D5D634D22}.Release|Any CPU.Build.0 = Release|Any CPU
		{DBBDE3F8-FDAC-453B-B7F3-BC36C0B08D95}.Debug|Any CPU.ActiveCfg = Debug|Any CPU
		{DBBDE3F8-FDAC-453B-B7F3-BC36C0B08D95}.Debug|Any CPU.Build.0 = Debug|Any CPU
		{DBBDE3F8-FDAC-453B-B7F3-BC36C0B08D95}.Release|Any CPU.ActiveCfg = Release|Any CPU
		{DBBDE3F8-FDAC-453B-B7F3-BC36C0B08D95}.Release|Any CPU.Build.0 = Release|Any CPU
		{E6808BDA-9C03-46C1-B613-25E75C2DB50C}.Debug|Any CPU.ActiveCfg = Debug|Any CPU
		{E6808BDA-9C03-46C1-B613-25E75C2DB50C}.Debug|Any CPU.Build.0 = Debug|Any CPU
		{E6808BDA-9C03-46C1-B613-25E75C2DB50C}.Release|Any CPU.ActiveCfg = Release|Any CPU
		{E6808BDA-9C03-46C1-B613-25E75C2DB50C}.Release|Any CPU.Build.0 = Release|Any CPU
		{37C2C203-709C-4485-96F9-4A82C26D6631}.Debug|Any CPU.ActiveCfg = Debug|Any CPU
		{37C2C203-709C-4485-96F9-4A82C26D6631}.Debug|Any CPU.Build.0 = Debug|Any CPU
		{37C2C203-709C-4485-96F9-4A82C26D6631}.Release|Any CPU.ActiveCfg = Release|Any CPU
		{37C2C203-709C-4485-96F9-4A82C26D6631}.Release|Any CPU.Build.0 = Release|Any CPU
		{B5CE0C8C-FA10-4BD5-9955-17AE6D4342AE}.Debug|Any CPU.ActiveCfg = Debug|Any CPU
		{B5CE0C8C-FA10-4BD5-9955-17AE6D4342AE}.Debug|Any CPU.Build.0 = Debug|Any CPU
		{B5CE0C8C-FA10-4BD5-9955-17AE6D4342AE}.Release|Any CPU.ActiveCfg = Release|Any CPU
		{B5CE0C8C-FA10-4BD5-9955-17AE6D4342AE}.Release|Any CPU.Build.0 = Release|Any CPU
		{0A8281CA-A7B1-4597-A4CA-E13D06DBD410}.Debug|Any CPU.ActiveCfg = Debug|Any CPU
		{0A8281CA-A7B1-4597-A4CA-E13D06DBD410}.Debug|Any CPU.Build.0 = Debug|Any CPU
		{0A8281CA-A7B1-4597-A4CA-E13D06DBD410}.Release|Any CPU.ActiveCfg = Release|Any CPU
		{0A8281CA-A7B1-4597-A4CA-E13D06DBD410}.Release|Any CPU.Build.0 = Release|Any CPU
		{F8D86947-5311-4578-AAE0-524240227608}.Debug|Any CPU.ActiveCfg = Debug|Any CPU
		{F8D86947-5311-4578-AAE0-524240227608}.Debug|Any CPU.Build.0 = Debug|Any CPU
		{F8D86947-5311-4578-AAE0-524240227608}.Release|Any CPU.ActiveCfg = Release|Any CPU
		{F8D86947-5311-4578-AAE0-524240227608}.Release|Any CPU.Build.0 = Release|Any CPU
		{B24443C4-5F13-4747-863A-146DC7040561}.Debug|Any CPU.ActiveCfg = Debug|Any CPU
		{B24443C4-5F13-4747-863A-146DC7040561}.Debug|Any CPU.Build.0 = Debug|Any CPU
		{B24443C4-5F13-4747-863A-146DC7040561}.Release|Any CPU.ActiveCfg = Release|Any CPU
		{B24443C4-5F13-4747-863A-146DC7040561}.Release|Any CPU.Build.0 = Release|Any CPU
		{6BB9E251-8968-4472-B0F6-7C50C15E5C0D}.Debug|Any CPU.ActiveCfg = Debug|Any CPU
		{6BB9E251-8968-4472-B0F6-7C50C15E5C0D}.Debug|Any CPU.Build.0 = Debug|Any CPU
		{6BB9E251-8968-4472-B0F6-7C50C15E5C0D}.Release|Any CPU.ActiveCfg = Release|Any CPU
		{6BB9E251-8968-4472-B0F6-7C50C15E5C0D}.Release|Any CPU.Build.0 = Release|Any CPU
		{BEB86DFD-A00C-4F64-A6E0-37558E80F3E3}.Debug|Any CPU.ActiveCfg = Debug|Any CPU
		{BEB86DFD-A00C-4F64-A6E0-37558E80F3E3}.Debug|Any CPU.Build.0 = Debug|Any CPU
		{BEB86DFD-A00C-4F64-A6E0-37558E80F3E3}.Release|Any CPU.ActiveCfg = Release|Any CPU
		{BEB86DFD-A00C-4F64-A6E0-37558E80F3E3}.Release|Any CPU.Build.0 = Release|Any CPU
		{EFCD1E46-37AB-4B29-B82F-5F09B6EEB450}.Debug|Any CPU.ActiveCfg = Debug|Any CPU
		{EFCD1E46-37AB-4B29-B82F-5F09B6EEB450}.Debug|Any CPU.Build.0 = Debug|Any CPU
		{EFCD1E46-37AB-4B29-B82F-5F09B6EEB450}.Release|Any CPU.ActiveCfg = Release|Any CPU
		{EFCD1E46-37AB-4B29-B82F-5F09B6EEB450}.Release|Any CPU.Build.0 = Release|Any CPU
		{2ADBCB9B-4F7F-42A1-B6A9-F6D990BEB051}.Debug|Any CPU.ActiveCfg = Debug|Any CPU
		{2ADBCB9B-4F7F-42A1-B6A9-F6D990BEB051}.Debug|Any CPU.Build.0 = Debug|Any CPU
		{2ADBCB9B-4F7F-42A1-B6A9-F6D990BEB051}.Release|Any CPU.ActiveCfg = Release|Any CPU
		{2ADBCB9B-4F7F-42A1-B6A9-F6D990BEB051}.Release|Any CPU.Build.0 = Release|Any CPU
		{7AE4CBA5-5C44-42C2-BE4F-F79F88B31D39}.Debug|Any CPU.ActiveCfg = Debug|Any CPU
		{7AE4CBA5-5C44-42C2-BE4F-F79F88B31D39}.Debug|Any CPU.Build.0 = Debug|Any CPU
		{7AE4CBA5-5C44-42C2-BE4F-F79F88B31D39}.Release|Any CPU.ActiveCfg = Release|Any CPU
		{7AE4CBA5-5C44-42C2-BE4F-F79F88B31D39}.Release|Any CPU.Build.0 = Release|Any CPU
		{64C369C1-283C-489C-9724-66140652FAC4}.Debug|Any CPU.ActiveCfg = Debug|Any CPU
		{64C369C1-283C-489C-9724-66140652FAC4}.Debug|Any CPU.Build.0 = Debug|Any CPU
		{64C369C1-283C-489C-9724-66140652FAC4}.Release|Any CPU.ActiveCfg = Release|Any CPU
		{64C369C1-283C-489C-9724-66140652FAC4}.Release|Any CPU.Build.0 = Release|Any CPU
		{29A7BE1C-5564-4880-8A9D-BD8DF7DFA9AC}.Debug|Any CPU.ActiveCfg = Debug|Any CPU
		{29A7BE1C-5564-4880-8A9D-BD8DF7DFA9AC}.Debug|Any CPU.Build.0 = Debug|Any CPU
		{29A7BE1C-5564-4880-8A9D-BD8DF7DFA9AC}.Release|Any CPU.ActiveCfg = Release|Any CPU
		{29A7BE1C-5564-4880-8A9D-BD8DF7DFA9AC}.Release|Any CPU.Build.0 = Release|Any CPU
		{3F13B69E-25AC-448D-97DF-5200FFA1FAE4}.Debug|Any CPU.ActiveCfg = Debug|Any CPU
		{3F13B69E-25AC-448D-97DF-5200FFA1FAE4}.Debug|Any CPU.Build.0 = Debug|Any CPU
		{3F13B69E-25AC-448D-97DF-5200FFA1FAE4}.Release|Any CPU.ActiveCfg = Release|Any CPU
		{3F13B69E-25AC-448D-97DF-5200FFA1FAE4}.Release|Any CPU.Build.0 = Release|Any CPU
		{1514E554-C13A-43CA-AE78-8C9C68AB6174}.Debug|Any CPU.ActiveCfg = Debug|Any CPU
		{1514E554-C13A-43CA-AE78-8C9C68AB6174}.Debug|Any CPU.Build.0 = Debug|Any CPU
		{1514E554-C13A-43CA-AE78-8C9C68AB6174}.Release|Any CPU.ActiveCfg = Release|Any CPU
		{1514E554-C13A-43CA-AE78-8C9C68AB6174}.Release|Any CPU.Build.0 = Release|Any CPU
		{D7F53BE8-CB17-4AE8-B60B-363D365D02D1}.Debug|Any CPU.ActiveCfg = Debug|Any CPU
		{D7F53BE8-CB17-4AE8-B60B-363D365D02D1}.Debug|Any CPU.Build.0 = Debug|Any CPU
		{D7F53BE8-CB17-4AE8-B60B-363D365D02D1}.Release|Any CPU.ActiveCfg = Release|Any CPU
		{D7F53BE8-CB17-4AE8-B60B-363D365D02D1}.Release|Any CPU.Build.0 = Release|Any CPU
		{5971FF50-6C4B-4F27-9E09-EFE697FE1821}.Debug|Any CPU.ActiveCfg = Debug|Any CPU
		{5971FF50-6C4B-4F27-9E09-EFE697FE1821}.Debug|Any CPU.Build.0 = Debug|Any CPU
		{5971FF50-6C4B-4F27-9E09-EFE697FE1821}.Release|Any CPU.ActiveCfg = Release|Any CPU
		{5971FF50-6C4B-4F27-9E09-EFE697FE1821}.Release|Any CPU.Build.0 = Release|Any CPU
		{EF99A996-AFD7-43DE-AB1E-82B7378BE634}.Debug|Any CPU.ActiveCfg = Debug|Any CPU
		{EF99A996-AFD7-43DE-AB1E-82B7378BE634}.Debug|Any CPU.Build.0 = Debug|Any CPU
		{EF99A996-AFD7-43DE-AB1E-82B7378BE634}.Release|Any CPU.ActiveCfg = Release|Any CPU
		{EF99A996-AFD7-43DE-AB1E-82B7378BE634}.Release|Any CPU.Build.0 = Release|Any CPU
		{232785DE-BB1D-41B5-8690-E650B4120452}.Debug|Any CPU.ActiveCfg = Debug|Any CPU
		{232785DE-BB1D-41B5-8690-E650B4120452}.Debug|Any CPU.Build.0 = Debug|Any CPU
		{232785DE-BB1D-41B5-8690-E650B4120452}.Release|Any CPU.ActiveCfg = Release|Any CPU
		{232785DE-BB1D-41B5-8690-E650B4120452}.Release|Any CPU.Build.0 = Release|Any CPU
		{C6A0D579-5525-4986-A875-EEFB1AF62E99}.Debug|Any CPU.ActiveCfg = Debug|Any CPU
		{C6A0D579-5525-4986-A875-EEFB1AF62E99}.Debug|Any CPU.Build.0 = Debug|Any CPU
		{C6A0D579-5525-4986-A875-EEFB1AF62E99}.Release|Any CPU.ActiveCfg = Release|Any CPU
		{C6A0D579-5525-4986-A875-EEFB1AF62E99}.Release|Any CPU.Build.0 = Release|Any CPU
		{C599F785-705E-41C4-BD5B-7B87D247A251}.Debug|Any CPU.ActiveCfg = Debug|Any CPU
		{C599F785-705E-41C4-BD5B-7B87D247A251}.Debug|Any CPU.Build.0 = Debug|Any CPU
		{C599F785-705E-41C4-BD5B-7B87D247A251}.Release|Any CPU.ActiveCfg = Release|Any CPU
		{C599F785-705E-41C4-BD5B-7B87D247A251}.Release|Any CPU.Build.0 = Release|Any CPU
	EndGlobalSection
	GlobalSection(SolutionProperties) = preSolution
		HideSolutionNode = FALSE
	EndGlobalSection
	GlobalSection(NestedProjects) = preSolution
		{B0EB46C3-E9A4-4053-9B70-A64D356395E3} = {628CFEC1-8E87-4C96-AD89-E690DA723406}
		{840138E4-C2A0-4D6A-A450-762C4DCFDACF} = {628CFEC1-8E87-4C96-AD89-E690DA723406}
		{D591BC2D-6E6C-4132-B07F-0D313F70D15E} = {628CFEC1-8E87-4C96-AD89-E690DA723406}
		{27421196-A487-43CD-8508-E9947F1F720F} = {628CFEC1-8E87-4C96-AD89-E690DA723406}
		{F40032F1-2381-41C9-967C-EDFA6A028E13} = {628CFEC1-8E87-4C96-AD89-E690DA723406}
		{E480850C-BF29-4F42-B8F8-337AE345A84E} = {628CFEC1-8E87-4C96-AD89-E690DA723406}
		{B99ED49C-09C3-4366-91C6-C9B190E091CB} = {628CFEC1-8E87-4C96-AD89-E690DA723406}
		{54291A39-5444-4990-B337-EAB203DD1D2B} = {628CFEC1-8E87-4C96-AD89-E690DA723406}
		{32E50496-1AD1-4266-BD1A-B0722D6653FC} = {628CFEC1-8E87-4C96-AD89-E690DA723406}
		{8664611B-28EA-411D-8238-F33D5D634D22} = {628CFEC1-8E87-4C96-AD89-E690DA723406}
		{DBBDE3F8-FDAC-453B-B7F3-BC36C0B08D95} = {628CFEC1-8E87-4C96-AD89-E690DA723406}
		{E6808BDA-9C03-46C1-B613-25E75C2DB50C} = {628CFEC1-8E87-4C96-AD89-E690DA723406}
		{37C2C203-709C-4485-96F9-4A82C26D6631} = {628CFEC1-8E87-4C96-AD89-E690DA723406}
		{B5CE0C8C-FA10-4BD5-9955-17AE6D4342AE} = {628CFEC1-8E87-4C96-AD89-E690DA723406}
		{0A8281CA-A7B1-4597-A4CA-E13D06DBD410} = {628CFEC1-8E87-4C96-AD89-E690DA723406}
		{F8D86947-5311-4578-AAE0-524240227608} = {628CFEC1-8E87-4C96-AD89-E690DA723406}
		{B24443C4-5F13-4747-863A-146DC7040561} = {628CFEC1-8E87-4C96-AD89-E690DA723406}
		{6BB9E251-8968-4472-B0F6-7C50C15E5C0D} = {628CFEC1-8E87-4C96-AD89-E690DA723406}
		{BEB86DFD-A00C-4F64-A6E0-37558E80F3E3} = {DB77E436-C087-4392-BD3E-B49C4AD42A78}
		{EFCD1E46-37AB-4B29-B82F-5F09B6EEB450} = {FF05046B-046F-49E9-9948-164AE5F8CEC5}
		{2ADBCB9B-4F7F-42A1-B6A9-F6D990BEB051} = {FF05046B-046F-49E9-9948-164AE5F8CEC5}
		{7AE4CBA5-5C44-42C2-BE4F-F79F88B31D39} = {DB77E436-C087-4392-BD3E-B49C4AD42A78}
		{64C369C1-283C-489C-9724-66140652FAC4} = {DB77E436-C087-4392-BD3E-B49C4AD42A78}
		{29A7BE1C-5564-4880-8A9D-BD8DF7DFA9AC} = {CB035B30-5BC0-4246-95F7-A33E50E4646B}
		{3F13B69E-25AC-448D-97DF-5200FFA1FAE4} = {7EDE3B25-BC1E-4FFF-961C-D0B0D16DED26}
		{1514E554-C13A-43CA-AE78-8C9C68AB6174} = {7EDE3B25-BC1E-4FFF-961C-D0B0D16DED26}
		{D7F53BE8-CB17-4AE8-B60B-363D365D02D1} = {7EDE3B25-BC1E-4FFF-961C-D0B0D16DED26}
		{5971FF50-6C4B-4F27-9E09-EFE697FE1821} = {DB77E436-C087-4392-BD3E-B49C4AD42A78}
		{EF99A996-AFD7-43DE-AB1E-82B7378BE634} = {628CFEC1-8E87-4C96-AD89-E690DA723406}
		{232785DE-BB1D-41B5-8690-E650B4120452} = {7EDE3B25-BC1E-4FFF-961C-D0B0D16DED26}
		{C6A0D579-5525-4986-A875-EEFB1AF62E99} = {628CFEC1-8E87-4C96-AD89-E690DA723406}
		{C599F785-705E-41C4-BD5B-7B87D247A251} = {628CFEC1-8E87-4C96-AD89-E690DA723406}
	EndGlobalSection
EndGlobal
