
Microsoft Visual Studio Solution File, Format Version 12.00
# Visual Studio 15
VisualStudioVersion = 15.0.27703.2035
MinimumVisualStudioVersion = 10.0.40219.1
Project("{2150E333-8FDC-42A3-9474-1A3956D46DE8}") = "Infrastructure", "Infrastructure", "{628CFEC1-8E87-4C96-AD89-E690DA723406}"
EndProject
Project("{FAE04EC0-301F-11D3-BF4B-00C04F79EFBC}") = "Carubbi.PDF", "Carubbi.PDF\Carubbi.PDF.csproj", "{F8D86947-5311-4578-AAE0-524240227608}"
EndProject
Project("{2150E333-8FDC-42A3-9474-1A3956D46DE8}") = "Publish", "Publish", "{D3A73738-5EFB-42C5-94C0-420C52B49D81}"
EndProject
Project("{FAE04EC0-301F-11D3-BF4B-00C04F79EFBC}") = "Carubbi.PackagePublisher", "Carubbi.PackagePublisher\Carubbi.PackagePublisher.csproj", "{9264B514-B60D-4689-8138-4C566263E61B}"
EndProject
Global
	GlobalSection(SolutionConfigurationPlatforms) = preSolution
		Debug|Any CPU = Debug|Any CPU
		Release|Any CPU = Release|Any CPU
	EndGlobalSection
	GlobalSection(ProjectConfigurationPlatforms) = postSolution
		{F8D86947-5311-4578-AAE0-524240227608}.Debug|Any CPU.ActiveCfg = Debug|Any CPU
		{F8D86947-5311-4578-AAE0-524240227608}.Debug|Any CPU.Build.0 = Debug|Any CPU
		{F8D86947-5311-4578-AAE0-524240227608}.Release|Any CPU.ActiveCfg = Release|Any CPU
		{F8D86947-5311-4578-AAE0-524240227608}.Release|Any CPU.Build.0 = Release|Any CPU
		{9264B514-B60D-4689-8138-4C566263E61B}.Debug|Any CPU.ActiveCfg = Debug|Any CPU
		{9264B514-B60D-4689-8138-4C566263E61B}.Debug|Any CPU.Build.0 = Debug|Any CPU
		{9264B514-B60D-4689-8138-4C566263E61B}.Release|Any CPU.ActiveCfg = Release|Any CPU
		{9264B514-B60D-4689-8138-4C566263E61B}.Release|Any CPU.Build.0 = Release|Any CPU
	EndGlobalSection
	GlobalSection(SolutionProperties) = preSolution
		HideSolutionNode = FALSE
	EndGlobalSection
	GlobalSection(NestedProjects) = preSolution
		{F8D86947-5311-4578-AAE0-524240227608} = {628CFEC1-8E87-4C96-AD89-E690DA723406}
		{9264B514-B60D-4689-8138-4C566263E61B} = {D3A73738-5EFB-42C5-94C0-420C52B49D81}
	EndGlobalSection
	GlobalSection(ExtensibilityGlobals) = postSolution
		SolutionGuid = {47307167-D195-4C24-82F5-E1D3D81DDE35}
	EndGlobalSection
EndGlobal
