
Microsoft Visual Studio Solution File, Format Version 12.00
# Visual Studio 15
VisualStudioVersion = 15.0.27703.2035
MinimumVisualStudioVersion = 10.0.40219.1
Project("{FAE04EC0-301F-11D3-BF4B-00C04F79EFBC}") = "Carubbi.PackagePublisher", "Carubbi.PackagePublisher\Carubbi.PackagePublisher.csproj", "{9264B514-B60D-4689-8138-4C566263E61B}"
EndProject
Global
	GlobalSection(SolutionConfigurationPlatforms) = preSolution
		Debug|Any CPU = Debug|Any CPU
		Release|Any CPU = Release|Any CPU
	EndGlobalSection
	GlobalSection(ProjectConfigurationPlatforms) = postSolution
		{9264B514-B60D-4689-8138-4C566263E61B}.Debug|Any CPU.ActiveCfg = Debug|Any CPU
		{9264B514-B60D-4689-8138-4C566263E61B}.Debug|Any CPU.Build.0 = Debug|Any CPU
		{9264B514-B60D-4689-8138-4C566263E61B}.Release|Any CPU.ActiveCfg = Release|Any CPU
		{9264B514-B60D-4689-8138-4C566263E61B}.Release|Any CPU.Build.0 = Release|Any CPU
	EndGlobalSection
	GlobalSection(SolutionProperties) = preSolution
		HideSolutionNode = FALSE
	EndGlobalSection
	GlobalSection(ExtensibilityGlobals) = postSolution
		SolutionGuid = {47307167-D195-4C24-82F5-E1D3D81DDE35}
	EndGlobalSection
EndGlobal
